
Microsoft Visual Studio Solution File, Format Version 12.00
Project("{FAE04EC0-301F-11D3-BF4B-00C04F79EFBC}") = "PaperMarioRecipeUtility", "PaperMarioRecipeUtility\PaperMarioRecipeUtility.csproj", "{8949C01F-8EFF-47E7-81D7-FC18F5958302}"
EndProject
Global
	GlobalSection(SolutionConfigurationPlatforms) = preSolution
		Debug|Any CPU = Debug|Any CPU
		Release|Any CPU = Release|Any CPU
	EndGlobalSection
	GlobalSection(ProjectConfigurationPlatforms) = postSolution
		{8949C01F-8EFF-47E7-81D7-FC18F5958302}.Debug|Any CPU.ActiveCfg = Debug|Any CPU
		{8949C01F-8EFF-47E7-81D7-FC18F5958302}.Debug|Any CPU.Build.0 = Debug|Any CPU
		{8949C01F-8EFF-47E7-81D7-FC18F5958302}.Release|Any CPU.ActiveCfg = Release|Any CPU
		{8949C01F-8EFF-47E7-81D7-FC18F5958302}.Release|Any CPU.Build.0 = Release|Any CPU
	EndGlobalSection
EndGlobal
